// !$*UTF8*$!
{
	archiveVersion = 1;
	classes = {
	};
	objectVersion = 56;
	objects = {

/* Begin PBXBuildFile section */
		E9109A7F2AA22CEE00EC9C63 /* Boutique in Frameworks */ = {isa = PBXBuildFile; productRef = E9109A7E2AA22CEE00EC9C63 /* Boutique */; };
		E91646E92AA0160D00BF2C8B /* NA_1App.swift in Sources */ = {isa = PBXBuildFile; fileRef = E91646E82AA0160D00BF2C8B /* NA_1App.swift */; };
		E91646EB2AA0160D00BF2C8B /* ContentView.swift in Sources */ = {isa = PBXBuildFile; fileRef = E91646EA2AA0160D00BF2C8B /* ContentView.swift */; };
		E91646ED2AA0161400BF2C8B /* Assets.xcassets in Resources */ = {isa = PBXBuildFile; fileRef = E91646EC2AA0161400BF2C8B /* Assets.xcassets */; };
		E91646F12AA0161400BF2C8B /* Preview Assets.xcassets in Resources */ = {isa = PBXBuildFile; fileRef = E91646F02AA0161400BF2C8B /* Preview Assets.xcassets */; };
		E947AB0C2AA1430A00A1A635 /* Maestro.swift in Sources */ = {isa = PBXBuildFile; fileRef = E947AB0B2AA1430A00A1A635 /* Maestro.swift */; };
		E947AB102AA1526700A1A635 /* Sidebar.swift in Sources */ = {isa = PBXBuildFile; fileRef = E947AB0F2AA1526700A1A635 /* Sidebar.swift */; };
		E947AB122AA1541300A1A635 /* BlockView.swift in Sources */ = {isa = PBXBuildFile; fileRef = E947AB112AA1541300A1A635 /* BlockView.swift */; };
		E96A64032AA0AAE300A04C51 /* Block.swift in Sources */ = {isa = PBXBuildFile; fileRef = E96A64022AA0AAE300A04C51 /* Block.swift */; };
		E97B179B2AAE807B006E9214 /* DesignSystem in Frameworks */ = {isa = PBXBuildFile; productRef = E97B179A2AAE807B006E9214 /* DesignSystem */; };
		E990627E2AA0176A00FEA18E /* Workspace.swift in Sources */ = {isa = PBXBuildFile; fileRef = E99062722AA0176A00FEA18E /* Workspace.swift */; };
		E990627F2AA0176A00FEA18E /* Document.swift in Sources */ = {isa = PBXBuildFile; fileRef = E99062732AA0176A00FEA18E /* Document.swift */; };
		E99062812AA0181400FEA18E /* Label.swift in Sources */ = {isa = PBXBuildFile; fileRef = E99062802AA0181400FEA18E /* Label.swift */; };
		E99062862AA0193E00FEA18E /* DocumentView.swift in Sources */ = {isa = PBXBuildFile; fileRef = E99062852AA0193E00FEA18E /* DocumentView.swift */; };
/* End PBXBuildFile section */

/* Begin PBXFileReference section */
		E91646E52AA0160D00BF2C8B /* NA-1.app */ = {isa = PBXFileReference; explicitFileType = wrapper.application; includeInIndex = 0; path = "NA-1.app"; sourceTree = BUILT_PRODUCTS_DIR; };
		E91646E82AA0160D00BF2C8B /* NA_1App.swift */ = {isa = PBXFileReference; lastKnownFileType = sourcecode.swift; path = NA_1App.swift; sourceTree = "<group>"; };
		E91646EA2AA0160D00BF2C8B /* ContentView.swift */ = {isa = PBXFileReference; lastKnownFileType = sourcecode.swift; path = ContentView.swift; sourceTree = "<group>"; };
		E91646EC2AA0161400BF2C8B /* Assets.xcassets */ = {isa = PBXFileReference; lastKnownFileType = folder.assetcatalog; path = Assets.xcassets; sourceTree = "<group>"; };
		E91646EE2AA0161400BF2C8B /* NA_1.entitlements */ = {isa = PBXFileReference; lastKnownFileType = text.plist.entitlements; path = NA_1.entitlements; sourceTree = "<group>"; };
		E91646F02AA0161400BF2C8B /* Preview Assets.xcassets */ = {isa = PBXFileReference; lastKnownFileType = folder.assetcatalog; path = "Preview Assets.xcassets"; sourceTree = "<group>"; };
		E947AB0B2AA1430A00A1A635 /* Maestro.swift */ = {isa = PBXFileReference; lastKnownFileType = sourcecode.swift; path = Maestro.swift; sourceTree = "<group>"; };
		E947AB0F2AA1526700A1A635 /* Sidebar.swift */ = {isa = PBXFileReference; lastKnownFileType = sourcecode.swift; path = Sidebar.swift; sourceTree = "<group>"; };
		E947AB112AA1541300A1A635 /* BlockView.swift */ = {isa = PBXFileReference; lastKnownFileType = sourcecode.swift; path = BlockView.swift; sourceTree = "<group>"; };
		E96A64022AA0AAE300A04C51 /* Block.swift */ = {isa = PBXFileReference; lastKnownFileType = sourcecode.swift; path = Block.swift; sourceTree = "<group>"; };
		E97B17982AAE803B006E9214 /* DesignSystem */ = {isa = PBXFileReference; lastKnownFileType = wrapper; name = DesignSystem; path = ../../../../Downloads/DesignSystem; sourceTree = "<group>"; };
		E99062722AA0176A00FEA18E /* Workspace.swift */ = {isa = PBXFileReference; fileEncoding = 4; lastKnownFileType = sourcecode.swift; path = Workspace.swift; sourceTree = "<group>"; };
		E99062732AA0176A00FEA18E /* Document.swift */ = {isa = PBXFileReference; fileEncoding = 4; lastKnownFileType = sourcecode.swift; path = Document.swift; sourceTree = "<group>"; };
		E99062802AA0181400FEA18E /* Label.swift */ = {isa = PBXFileReference; lastKnownFileType = sourcecode.swift; path = Label.swift; sourceTree = "<group>"; };
		E99062852AA0193E00FEA18E /* DocumentView.swift */ = {isa = PBXFileReference; lastKnownFileType = sourcecode.swift; path = DocumentView.swift; sourceTree = "<group>"; };
/* End PBXFileReference section */

/* Begin PBXFrameworksBuildPhase section */
		E91646E22AA0160D00BF2C8B /* Frameworks */ = {
			isa = PBXFrameworksBuildPhase;
			buildActionMask = 2147483647;
			files = (
				E9109A7F2AA22CEE00EC9C63 /* Boutique in Frameworks */,
				E97B179B2AAE807B006E9214 /* DesignSystem in Frameworks */,
			);
			runOnlyForDeploymentPostprocessing = 0;
		};
/* End PBXFrameworksBuildPhase section */

/* Begin PBXGroup section */
		E91646DC2AA0160D00BF2C8B = {
			isa = PBXGroup;
			children = (
				E91646E72AA0160D00BF2C8B /* NA-1 */,
				E91646E62AA0160D00BF2C8B /* Products */,
				E97B17992AAE807B006E9214 /* Frameworks */,
			);
			sourceTree = "<group>";
		};
		E91646E62AA0160D00BF2C8B /* Products */ = {
			isa = PBXGroup;
			children = (
				E91646E52AA0160D00BF2C8B /* NA-1.app */,
			);
			name = Products;
			sourceTree = "<group>";
		};
		E91646E72AA0160D00BF2C8B /* NA-1 */ = {
			isa = PBXGroup;
			children = (
				E99062642AA0175F00FEA18E /* Shared */,
				E91646E82AA0160D00BF2C8B /* NA_1App.swift */,
				E91646EA2AA0160D00BF2C8B /* ContentView.swift */,
				E91646EC2AA0161400BF2C8B /* Assets.xcassets */,
				E91646EE2AA0161400BF2C8B /* NA_1.entitlements */,
				E91646EF2AA0161400BF2C8B /* Preview Content */,
			);
			path = "NA-1";
			sourceTree = "<group>";
		};
		E91646EF2AA0161400BF2C8B /* Preview Content */ = {
			isa = PBXGroup;
			children = (
				E91646F02AA0161400BF2C8B /* Preview Assets.xcassets */,
			);
			path = "Preview Content";
			sourceTree = "<group>";
		};
		E947AB0A2AA142F600A1A635 /* Services and Managers */ = {
			isa = PBXGroup;
			children = (
				E947AB0B2AA1430A00A1A635 /* Maestro.swift */,
			);
			path = "Services and Managers";
			sourceTree = "<group>";
		};
		E947AB0D2AA1432600A1A635 /* Model Views */ = {
			isa = PBXGroup;
			children = (
				E99062852AA0193E00FEA18E /* DocumentView.swift */,
				E947AB112AA1541300A1A635 /* BlockView.swift */,
			);
			path = "Model Views";
			sourceTree = "<group>";
		};
		E947AB0E2AA1524C00A1A635 /* Main */ = {
			isa = PBXGroup;
			children = (
				E947AB0F2AA1526700A1A635 /* Sidebar.swift */,
			);
			path = Main;
			sourceTree = "<group>";
		};
		E97B17992AAE807B006E9214 /* Frameworks */ = {
			isa = PBXGroup;
			children = (
			);
			name = Frameworks;
			sourceTree = "<group>";
		};
		E99062642AA0175F00FEA18E /* Shared */ = {
			isa = PBXGroup;
			children = (
				E97B17982AAE803B006E9214 /* DesignSystem */,
				E947AB0A2AA142F600A1A635 /* Services and Managers */,
				E99062842AA0193100FEA18E /* Views */,
				E99062712AA0176A00FEA18E /* Models */,
			);
			path = Shared;
			sourceTree = "<group>";
		};
		E99062712AA0176A00FEA18E /* Models */ = {
			isa = PBXGroup;
			children = (
				E99062722AA0176A00FEA18E /* Workspace.swift */,
				E99062732AA0176A00FEA18E /* Document.swift */,
				E99062802AA0181400FEA18E /* Label.swift */,
				E96A64022AA0AAE300A04C51 /* Block.swift */,
			);
			name = Models;
			path = "NA-1/Models";
			sourceTree = SOURCE_ROOT;
		};
		E99062842AA0193100FEA18E /* Views */ = {
			isa = PBXGroup;
			children = (
				E947AB0E2AA1524C00A1A635 /* Main */,
				E947AB0D2AA1432600A1A635 /* Model Views */,
			);
			path = Views;
			sourceTree = "<group>";
		};
/* End PBXGroup section */

/* Begin PBXNativeTarget section */
		E91646E42AA0160D00BF2C8B /* NA-1 */ = {
			isa = PBXNativeTarget;
			buildConfigurationList = E91646F42AA0161400BF2C8B /* Build configuration list for PBXNativeTarget "NA-1" */;
			buildPhases = (
				E91646E12AA0160D00BF2C8B /* Sources */,
				E91646E22AA0160D00BF2C8B /* Frameworks */,
				E91646E32AA0160D00BF2C8B /* Resources */,
			);
			buildRules = (
			);
			dependencies = (
			);
			name = "NA-1";
			packageProductDependencies = (
				E9109A7E2AA22CEE00EC9C63 /* Boutique */,
				E97B179A2AAE807B006E9214 /* DesignSystem */,
			);
			productName = "NA-1";
			productReference = E91646E52AA0160D00BF2C8B /* NA-1.app */;
			productType = "com.apple.product-type.application";
		};
/* End PBXNativeTarget section */

/* Begin PBXProject section */
		E91646DD2AA0160D00BF2C8B /* Project object */ = {
			isa = PBXProject;
			attributes = {
				BuildIndependentTargetsInParallel = 1;
				LastSwiftUpdateCheck = 1500;
				LastUpgradeCheck = 1500;
				TargetAttributes = {
					E91646E42AA0160D00BF2C8B = {
						CreatedOnToolsVersion = 15.0;
					};
				};
			};
			buildConfigurationList = E91646E02AA0160D00BF2C8B /* Build configuration list for PBXProject "NA-1" */;
			compatibilityVersion = "Xcode 14.0";
			developmentRegion = en;
			hasScannedForEncodings = 0;
			knownRegions = (
				en,
				Base,
			);
			mainGroup = E91646DC2AA0160D00BF2C8B;
			packageReferences = (
				E9109A7D2AA22CEE00EC9C63 /* XCRemoteSwiftPackageReference "Boutique" */,
			);
			productRefGroup = E91646E62AA0160D00BF2C8B /* Products */;
			projectDirPath = "";
			projectRoot = "";
			targets = (
				E91646E42AA0160D00BF2C8B /* NA-1 */,
			);
		};
/* End PBXProject section */

/* Begin PBXResourcesBuildPhase section */
		E91646E32AA0160D00BF2C8B /* Resources */ = {
			isa = PBXResourcesBuildPhase;
			buildActionMask = 2147483647;
			files = (
				E91646F12AA0161400BF2C8B /* Preview Assets.xcassets in Resources */,
				E91646ED2AA0161400BF2C8B /* Assets.xcassets in Resources */,
			);
			runOnlyForDeploymentPostprocessing = 0;
		};
/* End PBXResourcesBuildPhase section */

/* Begin PBXSourcesBuildPhase section */
		E91646E12AA0160D00BF2C8B /* Sources */ = {
			isa = PBXSourcesBuildPhase;
			buildActionMask = 2147483647;
			files = (
				E91646EB2AA0160D00BF2C8B /* ContentView.swift in Sources */,
				E96A64032AA0AAE300A04C51 /* Block.swift in Sources */,
				E99062812AA0181400FEA18E /* Label.swift in Sources */,
				E91646E92AA0160D00BF2C8B /* NA_1App.swift in Sources */,
				E990627F2AA0176A00FEA18E /* Document.swift in Sources */,
				E99062862AA0193E00FEA18E /* DocumentView.swift in Sources */,
				E947AB122AA1541300A1A635 /* BlockView.swift in Sources */,
				E947AB0C2AA1430A00A1A635 /* Maestro.swift in Sources */,
				E947AB102AA1526700A1A635 /* Sidebar.swift in Sources */,
				E990627E2AA0176A00FEA18E /* Workspace.swift in Sources */,
			);
			runOnlyForDeploymentPostprocessing = 0;
		};
/* End PBXSourcesBuildPhase section */

/* Begin XCBuildConfiguration section */
		E91646F22AA0161400BF2C8B /* Debug */ = {
			isa = XCBuildConfiguration;
			buildSettings = {
				ALWAYS_SEARCH_USER_PATHS = NO;
				ASSETCATALOG_COMPILER_GENERATE_SWIFT_ASSET_SYMBOL_EXTENSIONS = YES;
				CLANG_ANALYZER_NONNULL = YES;
				CLANG_ANALYZER_NUMBER_OBJECT_CONVERSION = YES_AGGRESSIVE;
				CLANG_CXX_LANGUAGE_STANDARD = "gnu++20";
				CLANG_ENABLE_MODULES = YES;
				CLANG_ENABLE_OBJC_ARC = YES;
				CLANG_ENABLE_OBJC_WEAK = YES;
				CLANG_WARN_BLOCK_CAPTURE_AUTORELEASING = YES;
				CLANG_WARN_BOOL_CONVERSION = YES;
				CLANG_WARN_COMMA = YES;
				CLANG_WARN_CONSTANT_CONVERSION = YES;
				CLANG_WARN_DEPRECATED_OBJC_IMPLEMENTATIONS = YES;
				CLANG_WARN_DIRECT_OBJC_ISA_USAGE = YES_ERROR;
				CLANG_WARN_DOCUMENTATION_COMMENTS = YES;
				CLANG_WARN_EMPTY_BODY = YES;
				CLANG_WARN_ENUM_CONVERSION = YES;
				CLANG_WARN_INFINITE_RECURSION = YES;
				CLANG_WARN_INT_CONVERSION = YES;
				CLANG_WARN_NON_LITERAL_NULL_CONVERSION = YES;
				CLANG_WARN_OBJC_IMPLICIT_RETAIN_SELF = YES;
				CLANG_WARN_OBJC_LITERAL_CONVERSION = YES;
				CLANG_WARN_OBJC_ROOT_CLASS = YES_ERROR;
				CLANG_WARN_QUOTED_INCLUDE_IN_FRAMEWORK_HEADER = YES;
				CLANG_WARN_RANGE_LOOP_ANALYSIS = YES;
				CLANG_WARN_STRICT_PROTOTYPES = YES;
				CLANG_WARN_SUSPICIOUS_MOVE = YES;
				CLANG_WARN_UNGUARDED_AVAILABILITY = YES_AGGRESSIVE;
				CLANG_WARN_UNREACHABLE_CODE = YES;
				CLANG_WARN__DUPLICATE_METHOD_MATCH = YES;
				COPY_PHASE_STRIP = NO;
				DEBUG_INFORMATION_FORMAT = dwarf;
				ENABLE_STRICT_OBJC_MSGSEND = YES;
				ENABLE_TESTABILITY = YES;
				ENABLE_USER_SCRIPT_SANDBOXING = YES;
				GCC_C_LANGUAGE_STANDARD = gnu17;
				GCC_DYNAMIC_NO_PIC = NO;
				GCC_NO_COMMON_BLOCKS = YES;
				GCC_OPTIMIZATION_LEVEL = 0;
				GCC_PREPROCESSOR_DEFINITIONS = (
					"DEBUG=1",
					"$(inherited)",
				);
				GCC_WARN_64_TO_32_BIT_CONVERSION = YES;
				GCC_WARN_ABOUT_RETURN_TYPE = YES_ERROR;
				GCC_WARN_UNDECLARED_SELECTOR = YES;
				GCC_WARN_UNINITIALIZED_AUTOS = YES_AGGRESSIVE;
				GCC_WARN_UNUSED_FUNCTION = YES;
				GCC_WARN_UNUSED_VARIABLE = YES;
				LOCALIZATION_PREFERS_STRING_CATALOGS = YES;
				MTL_ENABLE_DEBUG_INFO = INCLUDE_SOURCE;
				MTL_FAST_MATH = YES;
				ONLY_ACTIVE_ARCH = YES;
				SWIFT_ACTIVE_COMPILATION_CONDITIONS = "DEBUG $(inherited)";
				SWIFT_OPTIMIZATION_LEVEL = "-Onone";
			};
			name = Debug;
		};
		E91646F32AA0161400BF2C8B /* Release */ = {
			isa = XCBuildConfiguration;
			buildSettings = {
				ALWAYS_SEARCH_USER_PATHS = NO;
				ASSETCATALOG_COMPILER_GENERATE_SWIFT_ASSET_SYMBOL_EXTENSIONS = YES;
				CLANG_ANALYZER_NONNULL = YES;
				CLANG_ANALYZER_NUMBER_OBJECT_CONVERSION = YES_AGGRESSIVE;
				CLANG_CXX_LANGUAGE_STANDARD = "gnu++20";
				CLANG_ENABLE_MODULES = YES;
				CLANG_ENABLE_OBJC_ARC = YES;
				CLANG_ENABLE_OBJC_WEAK = YES;
				CLANG_WARN_BLOCK_CAPTURE_AUTORELEASING = YES;
				CLANG_WARN_BOOL_CONVERSION = YES;
				CLANG_WARN_COMMA = YES;
				CLANG_WARN_CONSTANT_CONVERSION = YES;
				CLANG_WARN_DEPRECATED_OBJC_IMPLEMENTATIONS = YES;
				CLANG_WARN_DIRECT_OBJC_ISA_USAGE = YES_ERROR;
				CLANG_WARN_DOCUMENTATION_COMMENTS = YES;
				CLANG_WARN_EMPTY_BODY = YES;
				CLANG_WARN_ENUM_CONVERSION = YES;
				CLANG_WARN_INFINITE_RECURSION = YES;
				CLANG_WARN_INT_CONVERSION = YES;
				CLANG_WARN_NON_LITERAL_NULL_CONVERSION = YES;
				CLANG_WARN_OBJC_IMPLICIT_RETAIN_SELF = YES;
				CLANG_WARN_OBJC_LITERAL_CONVERSION = YES;
				CLANG_WARN_OBJC_ROOT_CLASS = YES_ERROR;
				CLANG_WARN_QUOTED_INCLUDE_IN_FRAMEWORK_HEADER = YES;
				CLANG_WARN_RANGE_LOOP_ANALYSIS = YES;
				CLANG_WARN_STRICT_PROTOTYPES = YES;
				CLANG_WARN_SUSPICIOUS_MOVE = YES;
				CLANG_WARN_UNGUARDED_AVAILABILITY = YES_AGGRESSIVE;
				CLANG_WARN_UNREACHABLE_CODE = YES;
				CLANG_WARN__DUPLICATE_METHOD_MATCH = YES;
				COPY_PHASE_STRIP = NO;
				DEBUG_INFORMATION_FORMAT = "dwarf-with-dsym";
				ENABLE_NS_ASSERTIONS = NO;
				ENABLE_STRICT_OBJC_MSGSEND = YES;
				ENABLE_USER_SCRIPT_SANDBOXING = YES;
				GCC_C_LANGUAGE_STANDARD = gnu17;
				GCC_NO_COMMON_BLOCKS = YES;
				GCC_WARN_64_TO_32_BIT_CONVERSION = YES;
				GCC_WARN_ABOUT_RETURN_TYPE = YES_ERROR;
				GCC_WARN_UNDECLARED_SELECTOR = YES;
				GCC_WARN_UNINITIALIZED_AUTOS = YES_AGGRESSIVE;
				GCC_WARN_UNUSED_FUNCTION = YES;
				GCC_WARN_UNUSED_VARIABLE = YES;
				LOCALIZATION_PREFERS_STRING_CATALOGS = YES;
				MTL_ENABLE_DEBUG_INFO = NO;
				MTL_FAST_MATH = YES;
				SWIFT_COMPILATION_MODE = wholemodule;
			};
			name = Release;
		};
		E91646F52AA0161400BF2C8B /* Debug */ = {
			isa = XCBuildConfiguration;
			buildSettings = {
				ASSETCATALOG_COMPILER_APPICON_NAME = AppIcon;
				ASSETCATALOG_COMPILER_GLOBAL_ACCENT_COLOR_NAME = AccentColor;
				CODE_SIGN_ENTITLEMENTS = "NA-1/NA_1.entitlements";
				CODE_SIGN_STYLE = Automatic;
				CURRENT_PROJECT_VERSION = 1;
				DEVELOPMENT_ASSET_PATHS = "\"NA-1/Preview Content\"";
				DEVELOPMENT_TEAM = XNQ726DDKG;
				ENABLE_HARDENED_RUNTIME = YES;
				ENABLE_PREVIEWS = YES;
				GENERATE_INFOPLIST_FILE = YES;
				"INFOPLIST_KEY_UIApplicationSceneManifest_Generation[sdk=iphoneos*]" = YES;
				"INFOPLIST_KEY_UIApplicationSceneManifest_Generation[sdk=iphonesimulator*]" = YES;
				"INFOPLIST_KEY_UIApplicationSupportsIndirectInputEvents[sdk=iphoneos*]" = YES;
				"INFOPLIST_KEY_UIApplicationSupportsIndirectInputEvents[sdk=iphonesimulator*]" = YES;
				"INFOPLIST_KEY_UILaunchScreen_Generation[sdk=iphoneos*]" = YES;
				"INFOPLIST_KEY_UILaunchScreen_Generation[sdk=iphonesimulator*]" = YES;
				"INFOPLIST_KEY_UIStatusBarStyle[sdk=iphoneos*]" = UIStatusBarStyleDefault;
				"INFOPLIST_KEY_UIStatusBarStyle[sdk=iphonesimulator*]" = UIStatusBarStyleDefault;
				INFOPLIST_KEY_UISupportedInterfaceOrientations_iPad = "UIInterfaceOrientationPortrait UIInterfaceOrientationPortraitUpsideDown UIInterfaceOrientationLandscapeLeft UIInterfaceOrientationLandscapeRight";
				INFOPLIST_KEY_UISupportedInterfaceOrientations_iPhone = "UIInterfaceOrientationPortrait UIInterfaceOrientationLandscapeLeft UIInterfaceOrientationLandscapeRight";
				IPHONEOS_DEPLOYMENT_TARGET = 17.0;
				LD_RUNPATH_SEARCH_PATHS = "@executable_path/Frameworks";
				"LD_RUNPATH_SEARCH_PATHS[sdk=macosx*]" = "@executable_path/../Frameworks";
				MACOSX_DEPLOYMENT_TARGET = 13.5;
				MARKETING_VERSION = 1.0;
				PRODUCT_BUNDLE_IDENTIFIER = "com.vibelobster.NA-1";
				PRODUCT_NAME = "$(TARGET_NAME)";
				SDKROOT = auto;
				SUPPORTED_PLATFORMS = "iphoneos iphonesimulator macosx";
				SWIFT_EMIT_LOC_STRINGS = YES;
				SWIFT_VERSION = 5.0;
				TARGETED_DEVICE_FAMILY = "1,2";
			};
			name = Debug;
		};
		E91646F62AA0161400BF2C8B /* Release */ = {
			isa = XCBuildConfiguration;
			buildSettings = {
				ASSETCATALOG_COMPILER_APPICON_NAME = AppIcon;
				ASSETCATALOG_COMPILER_GLOBAL_ACCENT_COLOR_NAME = AccentColor;
				CODE_SIGN_ENTITLEMENTS = "NA-1/NA_1.entitlements";
				CODE_SIGN_STYLE = Automatic;
				CURRENT_PROJECT_VERSION = 1;
				DEVELOPMENT_ASSET_PATHS = "\"NA-1/Preview Content\"";
				DEVELOPMENT_TEAM = XNQ726DDKG;
				ENABLE_HARDENED_RUNTIME = YES;
				ENABLE_PREVIEWS = YES;
				GENERATE_INFOPLIST_FILE = YES;
				"INFOPLIST_KEY_UIApplicationSceneManifest_Generation[sdk=iphoneos*]" = YES;
				"INFOPLIST_KEY_UIApplicationSceneManifest_Generation[sdk=iphonesimulator*]" = YES;
				"INFOPLIST_KEY_UIApplicationSupportsIndirectInputEvents[sdk=iphoneos*]" = YES;
				"INFOPLIST_KEY_UIApplicationSupportsIndirectInputEvents[sdk=iphonesimulator*]" = YES;
				"INFOPLIST_KEY_UILaunchScreen_Generation[sdk=iphoneos*]" = YES;
				"INFOPLIST_KEY_UILaunchScreen_Generation[sdk=iphonesimulator*]" = YES;
				"INFOPLIST_KEY_UIStatusBarStyle[sdk=iphoneos*]" = UIStatusBarStyleDefault;
				"INFOPLIST_KEY_UIStatusBarStyle[sdk=iphonesimulator*]" = UIStatusBarStyleDefault;
				INFOPLIST_KEY_UISupportedInterfaceOrientations_iPad = "UIInterfaceOrientationPortrait UIInterfaceOrientationPortraitUpsideDown UIInterfaceOrientationLandscapeLeft UIInterfaceOrientationLandscapeRight";
				INFOPLIST_KEY_UISupportedInterfaceOrientations_iPhone = "UIInterfaceOrientationPortrait UIInterfaceOrientationLandscapeLeft UIInterfaceOrientationLandscapeRight";
				IPHONEOS_DEPLOYMENT_TARGET = 17.0;
				LD_RUNPATH_SEARCH_PATHS = "@executable_path/Frameworks";
				"LD_RUNPATH_SEARCH_PATHS[sdk=macosx*]" = "@executable_path/../Frameworks";
				MACOSX_DEPLOYMENT_TARGET = 13.5;
				MARKETING_VERSION = 1.0;
				PRODUCT_BUNDLE_IDENTIFIER = "com.vibelobster.NA-1";
				PRODUCT_NAME = "$(TARGET_NAME)";
				SDKROOT = auto;
				SUPPORTED_PLATFORMS = "iphoneos iphonesimulator macosx";
				SWIFT_EMIT_LOC_STRINGS = YES;
				SWIFT_VERSION = 5.0;
				TARGETED_DEVICE_FAMILY = "1,2";
			};
			name = Release;
		};
/* End XCBuildConfiguration section */

/* Begin XCConfigurationList section */
		E91646E02AA0160D00BF2C8B /* Build configuration list for PBXProject "NA-1" */ = {
			isa = XCConfigurationList;
			buildConfigurations = (
				E91646F22AA0161400BF2C8B /* Debug */,
				E91646F32AA0161400BF2C8B /* Release */,
			);
			defaultConfigurationIsVisible = 0;
			defaultConfigurationName = Release;
		};
		E91646F42AA0161400BF2C8B /* Build configuration list for PBXNativeTarget "NA-1" */ = {
			isa = XCConfigurationList;
			buildConfigurations = (
				E91646F52AA0161400BF2C8B /* Debug */,
				E91646F62AA0161400BF2C8B /* Release */,
			);
			defaultConfigurationIsVisible = 0;
			defaultConfigurationName = Release;
		};
/* End XCConfigurationList section */

/* Begin XCRemoteSwiftPackageReference section */
		E9109A7D2AA22CEE00EC9C63 /* XCRemoteSwiftPackageReference "Boutique" */ = {
			isa = XCRemoteSwiftPackageReference;
			repositoryURL = "https://github.com/mergesort/Boutique.git";
			requirement = {
				kind = upToNextMajorVersion;
				minimumVersion = 2.4.0;
			};
		};
/* End XCRemoteSwiftPackageReference section */

/* Begin XCSwiftPackageProductDependency section */
		E9109A7E2AA22CEE00EC9C63 /* Boutique */ = {
			isa = XCSwiftPackageProductDependency;
			package = E9109A7D2AA22CEE00EC9C63 /* XCRemoteSwiftPackageReference "Boutique" */;
			productName = Boutique;
		};
		E97B179A2AAE807B006E9214 /* DesignSystem */ = {
			isa = XCSwiftPackageProductDependency;
			productName = DesignSystem;
		};
/* End XCSwiftPackageProductDependency section */
	};
	rootObject = E91646DD2AA0160D00BF2C8B /* Project object */;
}
